
Microsoft Visual Studio Solution File, Format Version 12.00
Project("{FAE04EC0-301F-11D3-BF4B-00C04F79EFBC}") = "VirtualPetSimCLI", "VirtualPetSimCLI\VirtualPetSimCLI.csproj", "{8C73AB67-5C40-4F1F-9DE3-1AB20F4D8994}"
EndProject
Global
	GlobalSection(SolutionConfigurationPlatforms) = preSolution
		Debug|Any CPU = Debug|Any CPU
		Release|Any CPU = Release|Any CPU
	EndGlobalSection
	GlobalSection(ProjectConfigurationPlatforms) = postSolution
		{8C73AB67-5C40-4F1F-9DE3-1AB20F4D8994}.Debug|Any CPU.ActiveCfg = Debug|Any CPU
		{8C73AB67-5C40-4F1F-9DE3-1AB20F4D8994}.Debug|Any CPU.Build.0 = Debug|Any CPU
		{8C73AB67-5C40-4F1F-9DE3-1AB20F4D8994}.Release|Any CPU.ActiveCfg = Release|Any CPU
		{8C73AB67-5C40-4F1F-9DE3-1AB20F4D8994}.Release|Any CPU.Build.0 = Release|Any CPU
	EndGlobalSection
EndGlobal
